<Solution>
  <Folder Name="/forwarded-headers/">
  </Folder>
  <Folder Name="/forwarded-headers/src/">
    <Project Path="forwarded-headers/src/Http.ForwardedHeaders/Http.ForwardedHeaders.csproj" />
  </Folder>
  <Folder Name="/forwarded-headers/test/">
    <Project Path="forwarded-headers/test/Http.ForwardedHeaders.Tests/Http.ForwardedHeaders.Tests.csproj" />
  </Folder>
  <Folder Name="/forwarded-headers/samples/">
    <Project Path="forwarded-headers/samples/AspNetCoreSample/AspNetCoreSample.csproj" />
  </Folder>
  <Folder Name="/structured-field-values/">
  </Folder>
  <Folder Name="/structured-field-values/src/">
    <Project Path="structured-field-values/src/Http.StructuredFieldValues/Http.StructuredFieldValues.csproj" />
  </Folder>
  <Folder Name="/structured-field-values/test/">
    <Project Path="structured-field-values/test/Http.StructuredFieldValues.Tests/Http.StructuredFieldValues.Tests.csproj" />
  </Folder>
  <Folder Name="/structured-field-values/samples/">
    <Project Path="structured-field-values/samples/HttpClientSample/HttpClientSample.csproj" />
    <Project Path="structured-field-values/samples/AspNetCoreSample/AspNetCoreSample.csproj" />
  </Folder>
  <Folder Name="/signatures/">
  </Folder>
  <Folder Name="/signatures/src/">
    <Project Path="signatures/src/Http.HttpSignatures/Http.HttpSignatures.csproj" />
  </Folder>
  <Folder Name="/signatures/test/">
    <Project Path="signatures/test/Http.HttpSignatures.Tests/Http.HttpSignatures.Tests.csproj" />
  </Folder>
  <Folder Name="/hybrid-cache-handler/">
  </Folder>
  <Folder Name="/hybrid-cache-handler/src/">
    <Project Path="hybrid-cache-handler/src/HttpHybridCacheHandler/HttpHybridCacheHandler.csproj" />
    <Project Path="hybrid-cache-handler/src/HttpHybridCacheHandler.ContentStore/HttpHybridCacheHandler.ContentStore.csproj" />
    <Project Path="hybrid-cache-handler/src/HttpHybridCacheHandler.ContentStore.AzureBlob/HttpHybridCacheHandler.ContentStore.AzureBlob.csproj" />
    <Project Path="hybrid-cache-handler/src/HttpHybridCacheHandler.ContentStore.S3/HttpHybridCacheHandler.ContentStore.S3.csproj" />
    <Project Path="hybrid-cache-handler/src/HttpHybridCacheHandler.ContentStore.GoogleCloudStorage/HttpHybridCacheHandler.ContentStore.GoogleCloudStorage.csproj" />
    <Project Path="hybrid-cache-handler/src/HttpHybridCacheHandler.ContentStore.FileSystem/HttpHybridCacheHandler.ContentStore.FileSystem.csproj" />
  </Folder>
  <Folder Name="/hybrid-cache-handler/test/">
    <Project Path="hybrid-cache-handler/test/HttpHybridCacheHandler.Tests/HttpHybridCacheHandler.Tests.csproj" />
    <Project Path="hybrid-cache-handler/test/HttpHybridCacheHandler.Compatibility.Tests/HttpHybridCacheHandler.Compatibility.Tests.csproj" />
    <Project Path="hybrid-cache-handler/test/HttpHybridCacheHandler.ContentStore.AzureBlob.Tests/HttpHybridCacheHandler.ContentStore.AzureBlob.Tests.csproj" />
    <Project Path="hybrid-cache-handler/test/HttpHybridCacheHandler.ContentStore.S3.Tests/HttpHybridCacheHandler.ContentStore.S3.Tests.csproj" />
    <Project Path="hybrid-cache-handler/test/HttpHybridCacheHandler.ContentStore.GoogleCloudStorage.Tests/HttpHybridCacheHandler.ContentStore.GoogleCloudStorage.Tests.csproj" />
    <Project Path="hybrid-cache-handler/test/HttpHybridCacheHandler.ContentStore.FileSystem.Tests/HttpHybridCacheHandler.ContentStore.FileSystem.Tests.csproj" />
  </Folder>
  <Folder Name="/hybrid-cache-handler/samples/">
    <Project Path="hybrid-cache-handler/samples/HttpClientFactorySample/HttpClientFactorySample.csproj" />
    <Project Path="hybrid-cache-handler/samples/FusionCacheSample/FusionCacheSample.csproj" />
    <Project Path="hybrid-cache-handler/samples/YarpCachingProxySample/YarpCachingProxySample.csproj" />
  </Folder>
  <Folder Name="/hybrid-cache-handler/benchmarks/">
    <Project Path="hybrid-cache-handler/benchmarks/Benchmarks/Benchmarks.csproj" />
  </Folder>
  <Folder Name="/hybrid-cache-handler/conformance/">
    <Project Path="hybrid-cache-handler/conformance/ConformanceProxy/ConformanceProxy.csproj" />
    <Project Path="hybrid-cache-handler/conformance/StandardConformanceProxy/StandardConformanceProxy.csproj" />
    <Project Path="hybrid-cache-handler/conformance/FrameworkWorker/FrameworkWorker.csproj" />
    <Project Path="hybrid-cache-handler/conformance/ConformanceProtocol.Tests/ConformanceProtocol.Tests.csproj" />
  </Folder>
  <Folder Name="/docs/">
    <Project Path="docs/Docs.Tools/Docs.Tools.csproj" />
    <Project Path="docs/Docs/Docs.csproj" />
  </Folder>
  <Folder Name="/file-distributed-cache/">
  </Folder>
  <Folder Name="/file-distributed-cache/src/">
    <Project Path="file-distributed-cache/src/FileDistributedCache/FileDistributedCache.csproj" />
  </Folder>
  <Folder Name="/file-distributed-cache/test/">
    <Project Path="file-distributed-cache/test/FileDistributedCache.Tests/FileDistributedCache.Tests.csproj" />
  </Folder>
  <Folder Name="/file-distributed-cache/samples/">
    <Project Path="file-distributed-cache/samples/FileDistributedCacheSample/FileDistributedCacheSample.csproj" />
  </Folder>
</Solution>
